// !$*UTF8*$!
{
	archiveVersion = 1;
	classes = {
	};
	objectVersion = 50;
	objects = {

/* Begin PBXBuildFile section */
		C717BCDC259C4FC60059A10E /* AppDelegate.swift in Sources */ = {isa = PBXBuildFile; fileRef = C717BCDB259C4FC60059A10E /* AppDelegate.swift */; };
		C717BCDE259C4FC60059A10E /* SceneDelegate.swift in Sources */ = {isa = PBXBuildFile; fileRef = C717BCDD259C4FC60059A10E /* SceneDelegate.swift */; };
		C717BCE0259C4FC60059A10E /* ViewController.swift in Sources */ = {isa = PBXBuildFile; fileRef = C717BCDF259C4FC60059A10E /* ViewController.swift */; };
		C717BCE3259C4FC60059A10E /* Main.storyboard in Resources */ = {isa = PBXBuildFile; fileRef = C717BCE1259C4FC60059A10E /* Main.storyboard */; };
		C717BCE5259C4FC70059A10E /* Assets.xcassets in Resources */ = {isa = PBXBuildFile; fileRef = C717BCE4259C4FC70059A10E /* Assets.xcassets */; };
		C717BCE8259C4FC70059A10E /* LaunchScreen.storyboard in Resources */ = {isa = PBXBuildFile; fileRef = C717BCE6259C4FC70059A10E /* LaunchScreen.storyboard */; };
		C717BCF3259C4FC80059A10E /* TipAppTests.swift in Sources */ = {isa = PBXBuildFile; fileRef = C717BCF2259C4FC80059A10E /* TipAppTests.swift */; };
		C717BCFE259C4FC80059A10E /* TipAppUITests.swift in Sources */ = {isa = PBXBuildFile; fileRef = C717BCFD259C4FC80059A10E /* TipAppUITests.swift */; };
/* End PBXBuildFile section */

/* Begin PBXContainerItemProxy section */
		C717BCEF259C4FC80059A10E /* PBXContainerItemProxy */ = {
			isa = PBXContainerItemProxy;
			containerPortal = C717BCD0259C4FC60059A10E /* Project object */;
			proxyType = 1;
			remoteGlobalIDString = C717BCD7259C4FC60059A10E;
			remoteInfo = TipApp;
		};
		C717BCFA259C4FC80059A10E /* PBXContainerItemProxy */ = {
			isa = PBXContainerItemProxy;
			containerPortal = C717BCD0259C4FC60059A10E /* Project object */;
			proxyType = 1;
			remoteGlobalIDString = C717BCD7259C4FC60059A10E;
			remoteInfo = TipApp;
		};
/* End PBXContainerItemProxy section */

/* Begin PBXFileReference section */
		C717BCD8259C4FC60059A10E /* TipApp.app */ = {isa = PBXFileReference; explicitFileType = wrapper.application; includeInIndex = 0; path = TipApp.app; sourceTree = BUILT_PRODUCTS_DIR; };
		C717BCDB259C4FC60059A10E /* AppDelegate.swift */ = {isa = PBXFileReference; lastKnownFileType = sourcecode.swift; path = AppDelegate.swift; sourceTree = "<group>"; };
		C717BCDD259C4FC60059A10E /* SceneDelegate.swift */ = {isa = PBXFileReference; lastKnownFileType = sourcecode.swift; path = SceneDelegate.swift; sourceTree = "<group>"; };
		C717BCDF259C4FC60059A10E /* ViewController.swift */ = {isa = PBXFileReference; lastKnownFileType = sourcecode.swift; path = ViewController.swift; sourceTree = "<group>"; };
		C717BCE2259C4FC60059A10E /* Base */ = {isa = PBXFileReference; lastKnownFileType = file.storyboard; name = Base; path = Base.lproj/Main.storyboard; sourceTree = "<group>"; };
		C717BCE4259C4FC70059A10E /* Assets.xcassets */ = {isa = PBXFileReference; lastKnownFileType = folder.assetcatalog; path = Assets.xcassets; sourceTree = "<group>"; };
		C717BCE7259C4FC70059A10E /* Base */ = {isa = PBXFileReference; lastKnownFileType = file.storyboard; name = Base; path = Base.lproj/LaunchScreen.storyboard; sourceTree = "<group>"; };
		C717BCE9259C4FC70059A10E /* Info.plist */ = {isa = PBXFileReference; lastKnownFileType = text.plist.xml; path = Info.plist; sourceTree = "<group>"; };
		C717BCEE259C4FC80059A10E /* TipAppTests.xctest */ = {isa = PBXFileReference; explicitFileType = wrapper.cfbundle; includeInIndex = 0; path = TipAppTests.xctest; sourceTree = BUILT_PRODUCTS_DIR; };
		C717BCF2259C4FC80059A10E /* TipAppTests.swift */ = {isa = PBXFileReference; lastKnownFileType = sourcecode.swift; path = TipAppTests.swift; sourceTree = "<group>"; };
		C717BCF4259C4FC80059A10E /* Info.plist */ = {isa = PBXFileReference; lastKnownFileType = text.plist.xml; path = Info.plist; sourceTree = "<group>"; };
		C717BCF9259C4FC80059A10E /* TipAppUITests.xctest */ = {isa = PBXFileReference; explicitFileType = wrapper.cfbundle; includeInIndex = 0; path = TipAppUITests.xctest; sourceTree = BUILT_PRODUCTS_DIR; };
		C717BCFD259C4FC80059A10E /* TipAppUITests.swift */ = {isa = PBXFileReference; lastKnownFileType = sourcecode.swift; path = TipAppUITests.swift; sourceTree = "<group>"; };
		C717BCFF259C4FC80059A10E /* Info.plist */ = {isa = PBXFileReference; lastKnownFileType = text.plist.xml; path = Info.plist; sourceTree = "<group>"; };
/* End PBXFileReference section */

/* Begin PBXFrameworksBuildPhase section */
		C717BCD5259C4FC60059A10E /* Frameworks */ = {
			isa = PBXFrameworksBuildPhase;
			buildActionMask = 2147483647;
			files = (
			);
			runOnlyForDeploymentPostprocessing = 0;
		};
		C717BCEB259C4FC80059A10E /* Frameworks */ = {
			isa = PBXFrameworksBuildPhase;
			buildActionMask = 2147483647;
			files = (
			);
			runOnlyForDeploymentPostprocessing = 0;
		};
		C717BCF6259C4FC80059A10E /* Frameworks */ = {
			isa = PBXFrameworksBuildPhase;
			buildActionMask = 2147483647;
			files = (
			);
			runOnlyForDeploymentPostprocessing = 0;
		};
/* End PBXFrameworksBuildPhase section */

/* Begin PBXGroup section */
		C717BCCF259C4FC60059A10E = {
			isa = PBXGroup;
			children = (
				C717BCDA259C4FC60059A10E /* TipApp */,
				C717BCF1259C4FC80059A10E /* TipAppTests */,
				C717BCFC259C4FC80059A10E /* TipAppUITests */,
				C717BCD9259C4FC60059A10E /* Products */,
			);
			sourceTree = "<group>";
		};
		C717BCD9259C4FC60059A10E /* Products */ = {
			isa = PBXGroup;
			children = (
				C717BCD8259C4FC60059A10E /* TipApp.app */,
				C717BCEE259C4FC80059A10E /* TipAppTests.xctest */,
				C717BCF9259C4FC80059A10E /* TipAppUITests.xctest */,
			);
			name = Products;
			sourceTree = "<group>";
		};
		C717BCDA259C4FC60059A10E /* TipApp */ = {
			isa = PBXGroup;
			children = (
				C717BCDB259C4FC60059A10E /* AppDelegate.swift */,
				C717BCDD259C4FC60059A10E /* SceneDelegate.swift */,
				C717BCDF259C4FC60059A10E /* ViewController.swift */,
				C717BCE1259C4FC60059A10E /* Main.storyboard */,
				C717BCE4259C4FC70059A10E /* Assets.xcassets */,
				C717BCE6259C4FC70059A10E /* LaunchScreen.storyboard */,
				C717BCE9259C4FC70059A10E /* Info.plist */,
			);
			path = TipApp;
			sourceTree = "<group>";
		};
		C717BCF1259C4FC80059A10E /* TipAppTests */ = {
			isa = PBXGroup;
			children = (
				C717BCF2259C4FC80059A10E /* TipAppTests.swift */,
				C717BCF4259C4FC80059A10E /* Info.plist */,
			);
			path = TipAppTests;
			sourceTree = "<group>";
		};
		C717BCFC259C4FC80059A10E /* TipAppUITests */ = {
			isa = PBXGroup;
			children = (
				C717BCFD259C4FC80059A10E /* TipAppUITests.swift */,
				C717BCFF259C4FC80059A10E /* Info.plist */,
			);
			path = TipAppUITests;
			sourceTree = "<group>";
		};
/* End PBXGroup section */

/* Begin PBXNativeTarget section */
		C717BCD7259C4FC60059A10E /* TipApp */ = {
			isa = PBXNativeTarget;
			buildConfigurationList = C717BD02259C4FC80059A10E /* Build configuration list for PBXNativeTarget "TipApp" */;
			buildPhases = (
				C717BCD4259C4FC60059A10E /* Sources */,
				C717BCD5259C4FC60059A10E /* Frameworks */,
				C717BCD6259C4FC60059A10E /* Resources */,
			);
			buildRules = (
			);
			dependencies = (
			);
			name = TipApp;
			productName = TipApp;
			productReference = C717BCD8259C4FC60059A10E /* TipApp.app */;
			productType = "com.apple.product-type.application";
		};
		C717BCED259C4FC80059A10E /* TipAppTests */ = {
			isa = PBXNativeTarget;
			buildConfigurationList = C717BD05259C4FC80059A10E /* Build configuration list for PBXNativeTarget "TipAppTests" */;
			buildPhases = (
				C717BCEA259C4FC80059A10E /* Sources */,
				C717BCEB259C4FC80059A10E /* Frameworks */,
				C717BCEC259C4FC80059A10E /* Resources */,
			);
			buildRules = (
			);
			dependencies = (
				C717BCF0259C4FC80059A10E /* PBXTargetDependency */,
			);
			name = TipAppTests;
			productName = TipAppTests;
			productReference = C717BCEE259C4FC80059A10E /* TipAppTests.xctest */;
			productType = "com.apple.product-type.bundle.unit-test";
		};
		C717BCF8259C4FC80059A10E /* TipAppUITests */ = {
			isa = PBXNativeTarget;
			buildConfigurationList = C717BD08259C4FC80059A10E /* Build configuration list for PBXNativeTarget "TipAppUITests" */;
			buildPhases = (
				C717BCF5259C4FC80059A10E /* Sources */,
				C717BCF6259C4FC80059A10E /* Frameworks */,
				C717BCF7259C4FC80059A10E /* Resources */,
			);
			buildRules = (
			);
			dependencies = (
				C717BCFB259C4FC80059A10E /* PBXTargetDependency */,
			);
			name = TipAppUITests;
			productName = TipAppUITests;
			productReference = C717BCF9259C4FC80059A10E /* TipAppUITests.xctest */;
			productType = "com.apple.product-type.bundle.ui-testing";
		};
/* End PBXNativeTarget section */

/* Begin PBXProject section */
		C717BCD0259C4FC60059A10E /* Project object */ = {
			isa = PBXProject;
			attributes = {
				LastSwiftUpdateCheck = 1230;
				LastUpgradeCheck = 1230;
				TargetAttributes = {
					C717BCD7259C4FC60059A10E = {
						CreatedOnToolsVersion = 12.3;
					};
					C717BCED259C4FC80059A10E = {
						CreatedOnToolsVersion = 12.3;
						TestTargetID = C717BCD7259C4FC60059A10E;
					};
					C717BCF8259C4FC80059A10E = {
						CreatedOnToolsVersion = 12.3;
						TestTargetID = C717BCD7259C4FC60059A10E;
					};
				};
			};
			buildConfigurationList = C717BCD3259C4FC60059A10E /* Build configuration list for PBXProject "TipApp" */;
			compatibilityVersion = "Xcode 9.3";
			developmentRegion = en;
			hasScannedForEncodings = 0;
			knownRegions = (
				en,
				Base,
			);
			mainGroup = C717BCCF259C4FC60059A10E;
			productRefGroup = C717BCD9259C4FC60059A10E /* Products */;
			projectDirPath = "";
			projectRoot = "";
			targets = (
				C717BCD7259C4FC60059A10E /* TipApp */,
				C717BCED259C4FC80059A10E /* TipAppTests */,
				C717BCF8259C4FC80059A10E /* TipAppUITests */,
			);
		};
/* End PBXProject section */

/* Begin PBXResourcesBuildPhase section */
		C717BCD6259C4FC60059A10E /* Resources */ = {
			isa = PBXResourcesBuildPhase;
			buildActionMask = 2147483647;
			files = (
				C717BCE8259C4FC70059A10E /* LaunchScreen.storyboard in Resources */,
				C717BCE5259C4FC70059A10E /* Assets.xcassets in Resources */,
				C717BCE3259C4FC60059A10E /* Main.storyboard in Resources */,
			);
			runOnlyForDeploymentPostprocessing = 0;
		};
		C717BCEC259C4FC80059A10E /* Resources */ = {
			isa = PBXResourcesBuildPhase;
			buildActionMask = 2147483647;
			files = (
			);
			runOnlyForDeploymentPostprocessing = 0;
		};
		C717BCF7259C4FC80059A10E /* Resources */ = {
			isa = PBXResourcesBuildPhase;
			buildActionMask = 2147483647;
			files = (
			);
			runOnlyForDeploymentPostprocessing = 0;
		};
/* End PBXResourcesBuildPhase section */

/* Begin PBXSourcesBuildPhase section */
		C717BCD4259C4FC60059A10E /* Sources */ = {
			isa = PBXSourcesBuildPhase;
			buildActionMask = 2147483647;
			files = (
				C717BCE0259C4FC60059A10E /* ViewController.swift in Sources */,
				C717BCDC259C4FC60059A10E /* AppDelegate.swift in Sources */,
				C717BCDE259C4FC60059A10E /* SceneDelegate.swift in Sources */,
			);
			runOnlyForDeploymentPostprocessing = 0;
		};
		C717BCEA259C4FC80059A10E /* Sources */ = {
			isa = PBXSourcesBuildPhase;
			buildActionMask = 2147483647;
			files = (
				C717BCF3259C4FC80059A10E /* TipAppTests.swift in Sources */,
			);
			runOnlyForDeploymentPostprocessing = 0;
		};
		C717BCF5259C4FC80059A10E /* Sources */ = {
			isa = PBXSourcesBuildPhase;
			buildActionMask = 2147483647;
			files = (
				C717BCFE259C4FC80059A10E /* TipAppUITests.swift in Sources */,
			);
			runOnlyForDeploymentPostprocessing = 0;
		};
/* End PBXSourcesBuildPhase section */

/* Begin PBXTargetDependency section */
		C717BCF0259C4FC80059A10E /* PBXTargetDependency */ = {
			isa = PBXTargetDependency;
			target = C717BCD7259C4FC60059A10E /* TipApp */;
			targetProxy = C717BCEF259C4FC80059A10E /* PBXContainerItemProxy */;
		};
		C717BCFB259C4FC80059A10E /* PBXTargetDependency */ = {
			isa = PBXTargetDependency;
			target = C717BCD7259C4FC60059A10E /* TipApp */;
			targetProxy = C717BCFA259C4FC80059A10E /* PBXContainerItemProxy */;
		};
/* End PBXTargetDependency section */

/* Begin PBXVariantGroup section */
		C717BCE1259C4FC60059A10E /* Main.storyboard */ = {
			isa = PBXVariantGroup;
			children = (
				C717BCE2259C4FC60059A10E /* Base */,
			);
			name = Main.storyboard;
			sourceTree = "<group>";
		};
		C717BCE6259C4FC70059A10E /* LaunchScreen.storyboard */ = {
			isa = PBXVariantGroup;
			children = (
				C717BCE7259C4FC70059A10E /* Base */,
			);
			name = LaunchScreen.storyboard;
			sourceTree = "<group>";
		};
/* End PBXVariantGroup section */

/* Begin XCBuildConfiguration section */
		C717BD00259C4FC80059A10E /* Debug */ = {
			isa = XCBuildConfiguration;
			buildSettings = {
				ALWAYS_SEARCH_USER_PATHS = NO;
				CLANG_ANALYZER_NONNULL = YES;
				CLANG_ANALYZER_NUMBER_OBJECT_CONVERSION = YES_AGGRESSIVE;
				CLANG_CXX_LANGUAGE_STANDARD = "gnu++14";
				CLANG_CXX_LIBRARY = "libc++";
				CLANG_ENABLE_MODULES = YES;
				CLANG_ENABLE_OBJC_ARC = YES;
				CLANG_ENABLE_OBJC_WEAK = YES;
				CLANG_WARN_BLOCK_CAPTURE_AUTORELEASING = YES;
				CLANG_WARN_BOOL_CONVERSION = YES;
				CLANG_WARN_COMMA = YES;
				CLANG_WARN_CONSTANT_CONVERSION = YES;
				CLANG_WARN_DEPRECATED_OBJC_IMPLEMENTATIONS = YES;
				CLANG_WARN_DIRECT_OBJC_ISA_USAGE = YES_ERROR;
				CLANG_WARN_DOCUMENTATION_COMMENTS = YES;
				CLANG_WARN_EMPTY_BODY = YES;
				CLANG_WARN_ENUM_CONVERSION = YES;
				CLANG_WARN_INFINITE_RECURSION = YES;
				CLANG_WARN_INT_CONVERSION = YES;
				CLANG_WARN_NON_LITERAL_NULL_CONVERSION = YES;
				CLANG_WARN_OBJC_IMPLICIT_RETAIN_SELF = YES;
				CLANG_WARN_OBJC_LITERAL_CONVERSION = YES;
				CLANG_WARN_OBJC_ROOT_CLASS = YES_ERROR;
				CLANG_WARN_QUOTED_INCLUDE_IN_FRAMEWORK_HEADER = YES;
				CLANG_WARN_RANGE_LOOP_ANALYSIS = YES;
				CLANG_WARN_STRICT_PROTOTYPES = YES;
				CLANG_WARN_SUSPICIOUS_MOVE = YES;
				CLANG_WARN_UNGUARDED_AVAILABILITY = YES_AGGRESSIVE;
				CLANG_WARN_UNREACHABLE_CODE = YES;
				CLANG_WARN__DUPLICATE_METHOD_MATCH = YES;
				COPY_PHASE_STRIP = NO;
				DEBUG_INFORMATION_FORMAT = dwarf;
				ENABLE_STRICT_OBJC_MSGSEND = YES;
				ENABLE_TESTABILITY = YES;
				GCC_C_LANGUAGE_STANDARD = gnu11;
				GCC_DYNAMIC_NO_PIC = NO;
				GCC_NO_COMMON_BLOCKS = YES;
				GCC_OPTIMIZATION_LEVEL = 0;
				GCC_PREPROCESSOR_DEFINITIONS = (
					"DEBUG=1",
					"$(inherited)",
				);
				GCC_WARN_64_TO_32_BIT_CONVERSION = YES;
				GCC_WARN_ABOUT_RETURN_TYPE = YES_ERROR;
				GCC_WARN_UNDECLARED_SELECTOR = YES;
				GCC_WARN_UNINITIALIZED_AUTOS = YES_AGGRESSIVE;
				GCC_WARN_UNUSED_FUNCTION = YES;
				GCC_WARN_UNUSED_VARIABLE = YES;
				IPHONEOS_DEPLOYMENT_TARGET = 14.3;
				MTL_ENABLE_DEBUG_INFO = INCLUDE_SOURCE;
				MTL_FAST_MATH = YES;
				ONLY_ACTIVE_ARCH = YES;
				SDKROOT = iphoneos;
				SWIFT_ACTIVE_COMPILATION_CONDITIONS = DEBUG;
				SWIFT_OPTIMIZATION_LEVEL = "-Onone";
			};
			name = Debug;
		};
		C717BD01259C4FC80059A10E /* Release */ = {
			isa = XCBuildConfiguration;
			buildSettings = {
				ALWAYS_SEARCH_USER_PATHS = NO;
				CLANG_ANALYZER_NONNULL = YES;
				CLANG_ANALYZER_NUMBER_OBJECT_CONVERSION = YES_AGGRESSIVE;
				CLANG_CXX_LANGUAGE_STANDARD = "gnu++14";
				CLANG_CXX_LIBRARY = "libc++";
				CLANG_ENABLE_MODULES = YES;
				CLANG_ENABLE_OBJC_ARC = YES;
				CLANG_ENABLE_OBJC_WEAK = YES;
				CLANG_WARN_BLOCK_CAPTURE_AUTORELEASING = YES;
				CLANG_WARN_BOOL_CONVERSION = YES;
				CLANG_WARN_COMMA = YES;
				CLANG_WARN_CONSTANT_CONVERSION = YES;
				CLANG_WARN_DEPRECATED_OBJC_IMPLEMENTATIONS = YES;
				CLANG_WARN_DIRECT_OBJC_ISA_USAGE = YES_ERROR;
				CLANG_WARN_DOCUMENTATION_COMMENTS = YES;
				CLANG_WARN_EMPTY_BODY = YES;
				CLANG_WARN_ENUM_CONVERSION = YES;
				CLANG_WARN_INFINITE_RECURSION = YES;
				CLANG_WARN_INT_CONVERSION = YES;
				CLANG_WARN_NON_LITERAL_NULL_CONVERSION = YES;
				CLANG_WARN_OBJC_IMPLICIT_RETAIN_SELF = YES;
				CLANG_WARN_OBJC_LITERAL_CONVERSION = YES;
				CLANG_WARN_OBJC_ROOT_CLASS = YES_ERROR;
				CLANG_WARN_QUOTED_INCLUDE_IN_FRAMEWORK_HEADER = YES;
				CLANG_WARN_RANGE_LOOP_ANALYSIS = YES;
				CLANG_WARN_STRICT_PROTOTYPES = YES;
				CLANG_WARN_SUSPICIOUS_MOVE = YES;
				CLANG_WARN_UNGUARDED_AVAILABILITY = YES_AGGRESSIVE;
				CLANG_WARN_UNREACHABLE_CODE = YES;
				CLANG_WARN__DUPLICATE_METHOD_MATCH = YES;
				COPY_PHASE_STRIP = NO;
				DEBUG_INFORMATION_FORMAT = "dwarf-with-dsym";
				ENABLE_NS_ASSERTIONS = NO;
				ENABLE_STRICT_OBJC_MSGSEND = YES;
				GCC_C_LANGUAGE_STANDARD = gnu11;
				GCC_NO_COMMON_BLOCKS = YES;
				GCC_WARN_64_TO_32_BIT_CONVERSION = YES;
				GCC_WARN_ABOUT_RETURN_TYPE = YES_ERROR;
				GCC_WARN_UNDECLARED_SELECTOR = YES;
				GCC_WARN_UNINITIALIZED_AUTOS = YES_AGGRESSIVE;
				GCC_WARN_UNUSED_FUNCTION = YES;
				GCC_WARN_UNUSED_VARIABLE = YES;
				IPHONEOS_DEPLOYMENT_TARGET = 14.3;
				MTL_ENABLE_DEBUG_INFO = NO;
				MTL_FAST_MATH = YES;
				SDKROOT = iphoneos;
				SWIFT_COMPILATION_MODE = wholemodule;
				SWIFT_OPTIMIZATION_LEVEL = "-O";
				VALIDATE_PRODUCT = YES;
			};
			name = Release;
		};
		C717BD03259C4FC80059A10E /* Debug */ = {
			isa = XCBuildConfiguration;
			buildSettings = {
				ASSETCATALOG_COMPILER_APPICON_NAME = AppIcon;
				ASSETCATALOG_COMPILER_GLOBAL_ACCENT_COLOR_NAME = AccentColor;
				CODE_SIGN_STYLE = Automatic;
				INFOPLIST_FILE = TipApp/Info.plist;
				LD_RUNPATH_SEARCH_PATHS = (
					"$(inherited)",
					"@executable_path/Frameworks",
				);
				PRODUCT_BUNDLE_IDENTIFIER = Nisha.TipApp;
				PRODUCT_NAME = "$(TARGET_NAME)";
				SWIFT_VERSION = 5.0;
				TARGETED_DEVICE_FAMILY = "1,2";
			};
			name = Debug;
		};
		C717BD04259C4FC80059A10E /* Release */ = {
			isa = XCBuildConfiguration;
			buildSettings = {
				ASSETCATALOG_COMPILER_APPICON_NAME = AppIcon;
				ASSETCATALOG_COMPILER_GLOBAL_ACCENT_COLOR_NAME = AccentColor;
				CODE_SIGN_STYLE = Automatic;
				INFOPLIST_FILE = TipApp/Info.plist;
				LD_RUNPATH_SEARCH_PATHS = (
					"$(inherited)",
					"@executable_path/Frameworks",
				);
				PRODUCT_BUNDLE_IDENTIFIER = Nisha.TipApp;
				PRODUCT_NAME = "$(TARGET_NAME)";
				SWIFT_VERSION = 5.0;
				TARGETED_DEVICE_FAMILY = "1,2";
			};
			name = Release;
		};
		C717BD06259C4FC80059A10E /* Debug */ = {
			isa = XCBuildConfiguration;
			buildSettings = {
				ALWAYS_EMBED_SWIFT_STANDARD_LIBRARIES = YES;
				BUNDLE_LOADER = "$(TEST_HOST)";
				CODE_SIGN_STYLE = Automatic;
				INFOPLIST_FILE = TipAppTests/Info.plist;
				IPHONEOS_DEPLOYMENT_TARGET = 14.3;
				LD_RUNPATH_SEARCH_PATHS = (
					"$(inherited)",
					"@executable_path/Frameworks",
					"@loader_path/Frameworks",
				);
				PRODUCT_BUNDLE_IDENTIFIER = Nisha.TipAppTests;
				PRODUCT_NAME = "$(TARGET_NAME)";
				SWIFT_VERSION = 5.0;
				TARGETED_DEVICE_FAMILY = "1,2";
				TEST_HOST = "$(BUILT_PRODUCTS_DIR)/TipApp.app/TipApp";
			};
			name = Debug;
		};
		C717BD07259C4FC80059A10E /* Release */ = {
			isa = XCBuildConfiguration;
			buildSettings = {
				ALWAYS_EMBED_SWIFT_STANDARD_LIBRARIES = YES;
				BUNDLE_LOADER = "$(TEST_HOST)";
				CODE_SIGN_STYLE = Automatic;
				INFOPLIST_FILE = TipAppTests/Info.plist;
				IPHONEOS_DEPLOYMENT_TARGET = 14.3;
				LD_RUNPATH_SEARCH_PATHS = (
					"$(inherited)",
					"@executable_path/Frameworks",
					"@loader_path/Frameworks",
				);
				PRODUCT_BUNDLE_IDENTIFIER = Nisha.TipAppTests;
				PRODUCT_NAME = "$(TARGET_NAME)";
				SWIFT_VERSION = 5.0;
				TARGETED_DEVICE_FAMILY = "1,2";
				TEST_HOST = "$(BUILT_PRODUCTS_DIR)/TipApp.app/TipApp";
			};
			name = Release;
		};
		C717BD09259C4FC80059A10E /* Debug */ = {
			isa = XCBuildConfiguration;
			buildSettings = {
				ALWAYS_EMBED_SWIFT_STANDARD_LIBRARIES = YES;
				CODE_SIGN_STYLE = Automatic;
				INFOPLIST_FILE = TipAppUITests/Info.plist;
				LD_RUNPATH_SEARCH_PATHS = (
					"$(inherited)",
					"@executable_path/Frameworks",
					"@loader_path/Frameworks",
				);
				PRODUCT_BUNDLE_IDENTIFIER = Nisha.TipAppUITests;
				PRODUCT_NAME = "$(TARGET_NAME)";
				SWIFT_VERSION = 5.0;
				TARGETED_DEVICE_FAMILY = "1,2";
				TEST_TARGET_NAME = TipApp;
			};
			name = Debug;
		};
		C717BD0A259C4FC80059A10E /* Release */ = {
			isa = XCBuildConfiguration;
			buildSettings = {
				ALWAYS_EMBED_SWIFT_STANDARD_LIBRARIES = YES;
				CODE_SIGN_STYLE = Automatic;
				INFOPLIST_FILE = TipAppUITests/Info.plist;
				LD_RUNPATH_SEARCH_PATHS = (
					"$(inherited)",
					"@executable_path/Frameworks",
					"@loader_path/Frameworks",
				);
				PRODUCT_BUNDLE_IDENTIFIER = Nisha.TipAppUITests;
				PRODUCT_NAME = "$(TARGET_NAME)";
				SWIFT_VERSION = 5.0;
				TARGETED_DEVICE_FAMILY = "1,2";
				TEST_TARGET_NAME = TipApp;
			};
			name = Release;
		};
/* End XCBuildConfiguration section */

/* Begin XCConfigurationList section */
		C717BCD3259C4FC60059A10E /* Build configuration list for PBXProject "TipApp" */ = {
			isa = XCConfigurationList;
			buildConfigurations = (
				C717BD00259C4FC80059A10E /* Debug */,
				C717BD01259C4FC80059A10E /* Release */,
			);
			defaultConfigurationIsVisible = 0;
			defaultConfigurationName = Release;
		};
		C717BD02259C4FC80059A10E /* Build configuration list for PBXNativeTarget "TipApp" */ = {
			isa = XCConfigurationList;
			buildConfigurations = (
				C717BD03259C4FC80059A10E /* Debug */,
				C717BD04259C4FC80059A10E /* Release */,
			);
			defaultConfigurationIsVisible = 0;
			defaultConfigurationName = Release;
		};
		C717BD05259C4FC80059A10E /* Build configuration list for PBXNativeTarget "TipAppTests" */ = {
			isa = XCConfigurationList;
			buildConfigurations = (
				C717BD06259C4FC80059A10E /* Debug */,
				C717BD07259C4FC80059A10E /* Release */,
			);
			defaultConfigurationIsVisible = 0;
			defaultConfigurationName = Release;
		};
		C717BD08259C4FC80059A10E /* Build configuration list for PBXNativeTarget "TipAppUITests" */ = {
			isa = XCConfigurationList;
			buildConfigurations = (
				C717BD09259C4FC80059A10E /* Debug */,
				C717BD0A259C4FC80059A10E /* Release */,
			);
			defaultConfigurationIsVisible = 0;
			defaultConfigurationName = Release;
		};
/* End XCConfigurationList section */
	};
	rootObject = C717BCD0259C4FC60059A10E /* Project object */;
}
